// !$*UTF8*$!
{
	archiveVersion = 1;
	classes = {
	};
	objectVersion = 56;
	objects = {

/* Begin PBXBuildFile section */
		98BA3A122A2F962C002E224C /* SwiftUI_TODO_LISTApp.swift in Sources */ = {isa = PBXBuildFile; fileRef = 98BA3A112A2F962C002E224C /* SwiftUI_TODO_LISTApp.swift */; };
		98BA3A162A2F962D002E224C /* Assets.xcassets in Resources */ = {isa = PBXBuildFile; fileRef = 98BA3A152A2F962D002E224C /* Assets.xcassets */; };
		98BA3A192A2F962D002E224C /* Preview Assets.xcassets in Resources */ = {isa = PBXBuildFile; fileRef = 98BA3A182A2F962D002E224C /* Preview Assets.xcassets */; };
		98BA3A232A2F962E002E224C /* SwiftUI_TODO_LISTTests.swift in Sources */ = {isa = PBXBuildFile; fileRef = 98BA3A222A2F962E002E224C /* SwiftUI_TODO_LISTTests.swift */; };
		98BA3A2D2A2F962E002E224C /* SwiftUI_TODO_LISTUITests.swift in Sources */ = {isa = PBXBuildFile; fileRef = 98BA3A2C2A2F962E002E224C /* SwiftUI_TODO_LISTUITests.swift */; };
		98BA3A2F2A2F962E002E224C /* SwiftUI_TODO_LISTUITestsLaunchTests.swift in Sources */ = {isa = PBXBuildFile; fileRef = 98BA3A2E2A2F962E002E224C /* SwiftUI_TODO_LISTUITestsLaunchTests.swift */; };
		98BA3A3D2A2F9700002E224C /* FirebaseAnalytics in Frameworks */ = {isa = PBXBuildFile; productRef = 98BA3A3C2A2F9700002E224C /* FirebaseAnalytics */; };
		98BA3A3F2A2F9700002E224C /* FirebaseAuth in Frameworks */ = {isa = PBXBuildFile; productRef = 98BA3A3E2A2F9700002E224C /* FirebaseAuth */; };
		98BA3A412A2F9700002E224C /* FirebaseFirestore in Frameworks */ = {isa = PBXBuildFile; productRef = 98BA3A402A2F9700002E224C /* FirebaseFirestore */; };
		98BA3A462A2F9780002E224C /* SigninViewModel.swift in Sources */ = {isa = PBXBuildFile; fileRef = 98BA3A452A2F9780002E224C /* SigninViewModel.swift */; };
		98BA3A482A2F9F57002E224C /* ToDoModel.swift in Sources */ = {isa = PBXBuildFile; fileRef = 98BA3A472A2F9F57002E224C /* ToDoModel.swift */; };
		98BA3A4A2A2F9F74002E224C /* ContentView.swift in Sources */ = {isa = PBXBuildFile; fileRef = 98BA3A492A2F9F74002E224C /* ContentView.swift */; };
		98BA3A4C2A2FA02F002E224C /* TaskView.swift in Sources */ = {isa = PBXBuildFile; fileRef = 98BA3A4B2A2FA02F002E224C /* TaskView.swift */; };
		98BA3A4E2A2FA059002E224C /* SaveView.swift in Sources */ = {isa = PBXBuildFile; fileRef = 98BA3A4D2A2FA059002E224C /* SaveView.swift */; };
		98BA3A502A2FA620002E224C /* GoogleService-Info.plist in Resources */ = {isa = PBXBuildFile; fileRef = 98BA3A4F2A2FA620002E224C /* GoogleService-Info.plist */; };
/* End PBXBuildFile section */

/* Begin PBXContainerItemProxy section */
		98BA3A1F2A2F962E002E224C /* PBXContainerItemProxy */ = {
			isa = PBXContainerItemProxy;
			containerPortal = 98BA3A062A2F962C002E224C /* Project object */;
			proxyType = 1;
			remoteGlobalIDString = 98BA3A0D2A2F962C002E224C;
			remoteInfo = "SwiftUI-TODO-LIST";
		};
		98BA3A292A2F962E002E224C /* PBXContainerItemProxy */ = {
			isa = PBXContainerItemProxy;
			containerPortal = 98BA3A062A2F962C002E224C /* Project object */;
			proxyType = 1;
			remoteGlobalIDString = 98BA3A0D2A2F962C002E224C;
			remoteInfo = "SwiftUI-TODO-LIST";
		};
/* End PBXContainerItemProxy section */

/* Begin PBXFileReference section */
		98BA3A0E2A2F962C002E224C /* SwiftUI-TODO-LIST.app */ = {isa = PBXFileReference; explicitFileType = wrapper.application; includeInIndex = 0; path = "SwiftUI-TODO-LIST.app"; sourceTree = BUILT_PRODUCTS_DIR; };
		98BA3A112A2F962C002E224C /* SwiftUI_TODO_LISTApp.swift */ = {isa = PBXFileReference; lastKnownFileType = sourcecode.swift; path = SwiftUI_TODO_LISTApp.swift; sourceTree = "<group>"; };
		98BA3A152A2F962D002E224C /* Assets.xcassets */ = {isa = PBXFileReference; lastKnownFileType = folder.assetcatalog; path = Assets.xcassets; sourceTree = "<group>"; };
		98BA3A182A2F962D002E224C /* Preview Assets.xcassets */ = {isa = PBXFileReference; lastKnownFileType = folder.assetcatalog; path = "Preview Assets.xcassets"; sourceTree = "<group>"; };
		98BA3A1E2A2F962E002E224C /* SwiftUI-TODO-LISTTests.xctest */ = {isa = PBXFileReference; explicitFileType = wrapper.cfbundle; includeInIndex = 0; path = "SwiftUI-TODO-LISTTests.xctest"; sourceTree = BUILT_PRODUCTS_DIR; };
		98BA3A222A2F962E002E224C /* SwiftUI_TODO_LISTTests.swift */ = {isa = PBXFileReference; lastKnownFileType = sourcecode.swift; path = SwiftUI_TODO_LISTTests.swift; sourceTree = "<group>"; };
		98BA3A282A2F962E002E224C /* SwiftUI-TODO-LISTUITests.xctest */ = {isa = PBXFileReference; explicitFileType = wrapper.cfbundle; includeInIndex = 0; path = "SwiftUI-TODO-LISTUITests.xctest"; sourceTree = BUILT_PRODUCTS_DIR; };
		98BA3A2C2A2F962E002E224C /* SwiftUI_TODO_LISTUITests.swift */ = {isa = PBXFileReference; lastKnownFileType = sourcecode.swift; path = SwiftUI_TODO_LISTUITests.swift; sourceTree = "<group>"; };
		98BA3A2E2A2F962E002E224C /* SwiftUI_TODO_LISTUITestsLaunchTests.swift */ = {isa = PBXFileReference; lastKnownFileType = sourcecode.swift; path = SwiftUI_TODO_LISTUITestsLaunchTests.swift; sourceTree = "<group>"; };
		98BA3A452A2F9780002E224C /* SigninViewModel.swift */ = {isa = PBXFileReference; lastKnownFileType = sourcecode.swift; path = SigninViewModel.swift; sourceTree = "<group>"; };
		98BA3A472A2F9F57002E224C /* ToDoModel.swift */ = {isa = PBXFileReference; lastKnownFileType = sourcecode.swift; path = ToDoModel.swift; sourceTree = "<group>"; };
		98BA3A492A2F9F74002E224C /* ContentView.swift */ = {isa = PBXFileReference; lastKnownFileType = sourcecode.swift; path = ContentView.swift; sourceTree = "<group>"; };
		98BA3A4B2A2FA02F002E224C /* TaskView.swift */ = {isa = PBXFileReference; lastKnownFileType = sourcecode.swift; path = TaskView.swift; sourceTree = "<group>"; };
		98BA3A4D2A2FA059002E224C /* SaveView.swift */ = {isa = PBXFileReference; lastKnownFileType = sourcecode.swift; path = SaveView.swift; sourceTree = "<group>"; };
		98BA3A4F2A2FA620002E224C /* GoogleService-Info.plist */ = {isa = PBXFileReference; fileEncoding = 4; lastKnownFileType = text.plist.xml; path = "GoogleService-Info.plist"; sourceTree = "<group>"; };
/* End PBXFileReference section */

/* Begin PBXFrameworksBuildPhase section */
		98BA3A0B2A2F962C002E224C /* Frameworks */ = {
			isa = PBXFrameworksBuildPhase;
			buildActionMask = 2147483647;
			files = (
				98BA3A3D2A2F9700002E224C /* FirebaseAnalytics in Frameworks */,
				98BA3A3F2A2F9700002E224C /* FirebaseAuth in Frameworks */,
				98BA3A412A2F9700002E224C /* FirebaseFirestore in Frameworks */,
			);
			runOnlyForDeploymentPostprocessing = 0;
		};
		98BA3A1B2A2F962E002E224C /* Frameworks */ = {
			isa = PBXFrameworksBuildPhase;
			buildActionMask = 2147483647;
			files = (
			);
			runOnlyForDeploymentPostprocessing = 0;
		};
		98BA3A252A2F962E002E224C /* Frameworks */ = {
			isa = PBXFrameworksBuildPhase;
			buildActionMask = 2147483647;
			files = (
			);
			runOnlyForDeploymentPostprocessing = 0;
		};
/* End PBXFrameworksBuildPhase section */

/* Begin PBXGroup section */
		98BA3A052A2F962C002E224C = {
			isa = PBXGroup;
			children = (
				98BA3A4F2A2FA620002E224C /* GoogleService-Info.plist */,
				98BA3A102A2F962C002E224C /* SwiftUI-TODO-LIST */,
				98BA3A212A2F962E002E224C /* SwiftUI-TODO-LISTTests */,
				98BA3A2B2A2F962E002E224C /* SwiftUI-TODO-LISTUITests */,
				98BA3A0F2A2F962C002E224C /* Products */,
			);
			sourceTree = "<group>";
		};
		98BA3A0F2A2F962C002E224C /* Products */ = {
			isa = PBXGroup;
			children = (
				98BA3A0E2A2F962C002E224C /* SwiftUI-TODO-LIST.app */,
				98BA3A1E2A2F962E002E224C /* SwiftUI-TODO-LISTTests.xctest */,
				98BA3A282A2F962E002E224C /* SwiftUI-TODO-LISTUITests.xctest */,
			);
			name = Products;
			sourceTree = "<group>";
		};
		98BA3A102A2F962C002E224C /* SwiftUI-TODO-LIST */ = {
			isa = PBXGroup;
			children = (
				98BA3A442A2F9732002E224C /* ViewModel */,
				98BA3A432A2F972A002E224C /* View */,
				98BA3A422A2F9720002E224C /* Model */,
				98BA3A112A2F962C002E224C /* SwiftUI_TODO_LISTApp.swift */,
				98BA3A152A2F962D002E224C /* Assets.xcassets */,
				98BA3A172A2F962D002E224C /* Preview Content */,
			);
			path = "SwiftUI-TODO-LIST";
			sourceTree = "<group>";
		};
		98BA3A172A2F962D002E224C /* Preview Content */ = {
			isa = PBXGroup;
			children = (
				98BA3A182A2F962D002E224C /* Preview Assets.xcassets */,
			);
			path = "Preview Content";
			sourceTree = "<group>";
		};
		98BA3A212A2F962E002E224C /* SwiftUI-TODO-LISTTests */ = {
			isa = PBXGroup;
			children = (
				98BA3A222A2F962E002E224C /* SwiftUI_TODO_LISTTests.swift */,
			);
			path = "SwiftUI-TODO-LISTTests";
			sourceTree = "<group>";
		};
		98BA3A2B2A2F962E002E224C /* SwiftUI-TODO-LISTUITests */ = {
			isa = PBXGroup;
			children = (
				98BA3A2C2A2F962E002E224C /* SwiftUI_TODO_LISTUITests.swift */,
				98BA3A2E2A2F962E002E224C /* SwiftUI_TODO_LISTUITestsLaunchTests.swift */,
			);
			path = "SwiftUI-TODO-LISTUITests";
			sourceTree = "<group>";
		};
		98BA3A422A2F9720002E224C /* Model */ = {
			isa = PBXGroup;
			children = (
				98BA3A472A2F9F57002E224C /* ToDoModel.swift */,
			);
			path = Model;
			sourceTree = "<group>";
		};
		98BA3A432A2F972A002E224C /* View */ = {
			isa = PBXGroup;
			children = (
				98BA3A492A2F9F74002E224C /* ContentView.swift */,
				98BA3A4B2A2FA02F002E224C /* TaskView.swift */,
				98BA3A4D2A2FA059002E224C /* SaveView.swift */,
			);
			path = View;
			sourceTree = "<group>";
		};
		98BA3A442A2F9732002E224C /* ViewModel */ = {
			isa = PBXGroup;
			children = (
				98BA3A452A2F9780002E224C /* SigninViewModel.swift */,
			);
			path = ViewModel;
			sourceTree = "<group>";
		};
/* End PBXGroup section */

/* Begin PBXNativeTarget section */
		98BA3A0D2A2F962C002E224C /* SwiftUI-TODO-LIST */ = {
			isa = PBXNativeTarget;
			buildConfigurationList = 98BA3A322A2F962E002E224C /* Build configuration list for PBXNativeTarget "SwiftUI-TODO-LIST" */;
			buildPhases = (
				98BA3A0A2A2F962C002E224C /* Sources */,
				98BA3A0B2A2F962C002E224C /* Frameworks */,
				98BA3A0C2A2F962C002E224C /* Resources */,
			);
			buildRules = (
			);
			dependencies = (
			);
			name = "SwiftUI-TODO-LIST";
			packageProductDependencies = (
				98BA3A3C2A2F9700002E224C /* FirebaseAnalytics */,
				98BA3A3E2A2F9700002E224C /* FirebaseAuth */,
				98BA3A402A2F9700002E224C /* FirebaseFirestore */,
			);
			productName = "SwiftUI-TODO-LIST";
			productReference = 98BA3A0E2A2F962C002E224C /* SwiftUI-TODO-LIST.app */;
			productType = "com.apple.product-type.application";
		};
		98BA3A1D2A2F962E002E224C /* SwiftUI-TODO-LISTTests */ = {
			isa = PBXNativeTarget;
			buildConfigurationList = 98BA3A352A2F962E002E224C /* Build configuration list for PBXNativeTarget "SwiftUI-TODO-LISTTests" */;
			buildPhases = (
				98BA3A1A2A2F962E002E224C /* Sources */,
				98BA3A1B2A2F962E002E224C /* Frameworks */,
				98BA3A1C2A2F962E002E224C /* Resources */,
			);
			buildRules = (
			);
			dependencies = (
				98BA3A202A2F962E002E224C /* PBXTargetDependency */,
			);
			name = "SwiftUI-TODO-LISTTests";
			productName = "SwiftUI-TODO-LISTTests";
			productReference = 98BA3A1E2A2F962E002E224C /* SwiftUI-TODO-LISTTests.xctest */;
			productType = "com.apple.product-type.bundle.unit-test";
		};
		98BA3A272A2F962E002E224C /* SwiftUI-TODO-LISTUITests */ = {
			isa = PBXNativeTarget;
			buildConfigurationList = 98BA3A382A2F962E002E224C /* Build configuration list for PBXNativeTarget "SwiftUI-TODO-LISTUITests" */;
			buildPhases = (
				98BA3A242A2F962E002E224C /* Sources */,
				98BA3A252A2F962E002E224C /* Frameworks */,
				98BA3A262A2F962E002E224C /* Resources */,
			);
			buildRules = (
			);
			dependencies = (
				98BA3A2A2A2F962E002E224C /* PBXTargetDependency */,
			);
			name = "SwiftUI-TODO-LISTUITests";
			productName = "SwiftUI-TODO-LISTUITests";
			productReference = 98BA3A282A2F962E002E224C /* SwiftUI-TODO-LISTUITests.xctest */;
			productType = "com.apple.product-type.bundle.ui-testing";
		};
/* End PBXNativeTarget section */

/* Begin PBXProject section */
		98BA3A062A2F962C002E224C /* Project object */ = {
			isa = PBXProject;
			attributes = {
				BuildIndependentTargetsInParallel = 1;
				LastSwiftUpdateCheck = 1430;
				LastUpgradeCheck = 1430;
				TargetAttributes = {
					98BA3A0D2A2F962C002E224C = {
						CreatedOnToolsVersion = 14.3;
					};
					98BA3A1D2A2F962E002E224C = {
						CreatedOnToolsVersion = 14.3;
						TestTargetID = 98BA3A0D2A2F962C002E224C;
					};
					98BA3A272A2F962E002E224C = {
						CreatedOnToolsVersion = 14.3;
						TestTargetID = 98BA3A0D2A2F962C002E224C;
					};
				};
			};
			buildConfigurationList = 98BA3A092A2F962C002E224C /* Build configuration list for PBXProject "SwiftUI-TODO-LIST" */;
			compatibilityVersion = "Xcode 14.0";
			developmentRegion = en;
			hasScannedForEncodings = 0;
			knownRegions = (
				en,
				Base,
			);
			mainGroup = 98BA3A052A2F962C002E224C;
			packageReferences = (
				98BA3A3B2A2F9700002E224C /* XCRemoteSwiftPackageReference "firebase-ios-sdk" */,
			);
			productRefGroup = 98BA3A0F2A2F962C002E224C /* Products */;
			projectDirPath = "";
			projectRoot = "";
			targets = (
				98BA3A0D2A2F962C002E224C /* SwiftUI-TODO-LIST */,
				98BA3A1D2A2F962E002E224C /* SwiftUI-TODO-LISTTests */,
				98BA3A272A2F962E002E224C /* SwiftUI-TODO-LISTUITests */,
			);
		};
/* End PBXProject section */

/* Begin PBXResourcesBuildPhase section */
		98BA3A0C2A2F962C002E224C /* Resources */ = {
			isa = PBXResourcesBuildPhase;
			buildActionMask = 2147483647;
			files = (
				98BA3A192A2F962D002E224C /* Preview Assets.xcassets in Resources */,
				98BA3A162A2F962D002E224C /* Assets.xcassets in Resources */,
				98BA3A502A2FA620002E224C /* GoogleService-Info.plist in Resources */,
			);
			runOnlyForDeploymentPostprocessing = 0;
		};
		98BA3A1C2A2F962E002E224C /* Resources */ = {
			isa = PBXResourcesBuildPhase;
			buildActionMask = 2147483647;
			files = (
			);
			runOnlyForDeploymentPostprocessing = 0;
		};
		98BA3A262A2F962E002E224C /* Resources */ = {
			isa = PBXResourcesBuildPhase;
			buildActionMask = 2147483647;
			files = (
			);
			runOnlyForDeploymentPostprocessing = 0;
		};
/* End PBXResourcesBuildPhase section */

/* Begin PBXSourcesBuildPhase section */
		98BA3A0A2A2F962C002E224C /* Sources */ = {
			isa = PBXSourcesBuildPhase;
			buildActionMask = 2147483647;
			files = (
				98BA3A462A2F9780002E224C /* SigninViewModel.swift in Sources */,
				98BA3A4A2A2F9F74002E224C /* ContentView.swift in Sources */,
				98BA3A482A2F9F57002E224C /* ToDoModel.swift in Sources */,
				98BA3A4C2A2FA02F002E224C /* TaskView.swift in Sources */,
				98BA3A4E2A2FA059002E224C /* SaveView.swift in Sources */,
				98BA3A122A2F962C002E224C /* SwiftUI_TODO_LISTApp.swift in Sources */,
			);
			runOnlyForDeploymentPostprocessing = 0;
		};
		98BA3A1A2A2F962E002E224C /* Sources */ = {
			isa = PBXSourcesBuildPhase;
			buildActionMask = 2147483647;
			files = (
				98BA3A232A2F962E002E224C /* SwiftUI_TODO_LISTTests.swift in Sources */,
			);
			runOnlyForDeploymentPostprocessing = 0;
		};
		98BA3A242A2F962E002E224C /* Sources */ = {
			isa = PBXSourcesBuildPhase;
			buildActionMask = 2147483647;
			files = (
				98BA3A2F2A2F962E002E224C /* SwiftUI_TODO_LISTUITestsLaunchTests.swift in Sources */,
				98BA3A2D2A2F962E002E224C /* SwiftUI_TODO_LISTUITests.swift in Sources */,
			);
			runOnlyForDeploymentPostprocessing = 0;
		};
/* End PBXSourcesBuildPhase section */

/* Begin PBXTargetDependency section */
		98BA3A202A2F962E002E224C /* PBXTargetDependency */ = {
			isa = PBXTargetDependency;
			target = 98BA3A0D2A2F962C002E224C /* SwiftUI-TODO-LIST */;
			targetProxy = 98BA3A1F2A2F962E002E224C /* PBXContainerItemProxy */;
		};
		98BA3A2A2A2F962E002E224C /* PBXTargetDependency */ = {
			isa = PBXTargetDependency;
			target = 98BA3A0D2A2F962C002E224C /* SwiftUI-TODO-LIST */;
			targetProxy = 98BA3A292A2F962E002E224C /* PBXContainerItemProxy */;
		};
/* End PBXTargetDependency section */

/* Begin XCBuildConfiguration section */
		98BA3A302A2F962E002E224C /* Debug */ = {
			isa = XCBuildConfiguration;
			buildSettings = {
				ALWAYS_SEARCH_USER_PATHS = NO;
				CLANG_ANALYZER_NONNULL = YES;
				CLANG_ANALYZER_NUMBER_OBJECT_CONVERSION = YES_AGGRESSIVE;
				CLANG_CXX_LANGUAGE_STANDARD = "gnu++20";
				CLANG_ENABLE_MODULES = YES;
				CLANG_ENABLE_OBJC_ARC = YES;
				CLANG_ENABLE_OBJC_WEAK = YES;
				CLANG_WARN_BLOCK_CAPTURE_AUTORELEASING = YES;
				CLANG_WARN_BOOL_CONVERSION = YES;
				CLANG_WARN_COMMA = YES;
				CLANG_WARN_CONSTANT_CONVERSION = YES;
				CLANG_WARN_DEPRECATED_OBJC_IMPLEMENTATIONS = YES;
				CLANG_WARN_DIRECT_OBJC_ISA_USAGE = YES_ERROR;
				CLANG_WARN_DOCUMENTATION_COMMENTS = YES;
				CLANG_WARN_EMPTY_BODY = YES;
				CLANG_WARN_ENUM_CONVERSION = YES;
				CLANG_WARN_INFINITE_RECURSION = YES;
				CLANG_WARN_INT_CONVERSION = YES;
				CLANG_WARN_NON_LITERAL_NULL_CONVERSION = YES;
				CLANG_WARN_OBJC_IMPLICIT_RETAIN_SELF = YES;
				CLANG_WARN_OBJC_LITERAL_CONVERSION = YES;
				CLANG_WARN_OBJC_ROOT_CLASS = YES_ERROR;
				CLANG_WARN_QUOTED_INCLUDE_IN_FRAMEWORK_HEADER = YES;
				CLANG_WARN_RANGE_LOOP_ANALYSIS = YES;
				CLANG_WARN_STRICT_PROTOTYPES = YES;
				CLANG_WARN_SUSPICIOUS_MOVE = YES;
				CLANG_WARN_UNGUARDED_AVAILABILITY = YES_AGGRESSIVE;
				CLANG_WARN_UNREACHABLE_CODE = YES;
				CLANG_WARN__DUPLICATE_METHOD_MATCH = YES;
				COPY_PHASE_STRIP = NO;
				DEBUG_INFORMATION_FORMAT = dwarf;
				ENABLE_STRICT_OBJC_MSGSEND = YES;
				ENABLE_TESTABILITY = YES;
				GCC_C_LANGUAGE_STANDARD = gnu11;
				GCC_DYNAMIC_NO_PIC = NO;
				GCC_NO_COMMON_BLOCKS = YES;
				GCC_OPTIMIZATION_LEVEL = 0;
				GCC_PREPROCESSOR_DEFINITIONS = (
					"DEBUG=1",
					"$(inherited)",
				);
				GCC_WARN_64_TO_32_BIT_CONVERSION = YES;
				GCC_WARN_ABOUT_RETURN_TYPE = YES_ERROR;
				GCC_WARN_UNDECLARED_SELECTOR = YES;
				GCC_WARN_UNINITIALIZED_AUTOS = YES_AGGRESSIVE;
				GCC_WARN_UNUSED_FUNCTION = YES;
				GCC_WARN_UNUSED_VARIABLE = YES;
				IPHONEOS_DEPLOYMENT_TARGET = 16.4;
				MTL_ENABLE_DEBUG_INFO = INCLUDE_SOURCE;
				MTL_FAST_MATH = YES;
				ONLY_ACTIVE_ARCH = YES;
				SDKROOT = iphoneos;
				SWIFT_ACTIVE_COMPILATION_CONDITIONS = DEBUG;
				SWIFT_OPTIMIZATION_LEVEL = "-Onone";
			};
			name = Debug;
		};
		98BA3A312A2F962E002E224C /* Release */ = {
			isa = XCBuildConfiguration;
			buildSettings = {
				ALWAYS_SEARCH_USER_PATHS = NO;
				CLANG_ANALYZER_NONNULL = YES;
				CLANG_ANALYZER_NUMBER_OBJECT_CONVERSION = YES_AGGRESSIVE;
				CLANG_CXX_LANGUAGE_STANDARD = "gnu++20";
				CLANG_ENABLE_MODULES = YES;
				CLANG_ENABLE_OBJC_ARC = YES;
				CLANG_ENABLE_OBJC_WEAK = YES;
				CLANG_WARN_BLOCK_CAPTURE_AUTORELEASING = YES;
				CLANG_WARN_BOOL_CONVERSION = YES;
				CLANG_WARN_COMMA = YES;
				CLANG_WARN_CONSTANT_CONVERSION = YES;
				CLANG_WARN_DEPRECATED_OBJC_IMPLEMENTATIONS = YES;
				CLANG_WARN_DIRECT_OBJC_ISA_USAGE = YES_ERROR;
				CLANG_WARN_DOCUMENTATION_COMMENTS = YES;
				CLANG_WARN_EMPTY_BODY = YES;
				CLANG_WARN_ENUM_CONVERSION = YES;
				CLANG_WARN_INFINITE_RECURSION = YES;
				CLANG_WARN_INT_CONVERSION = YES;
				CLANG_WARN_NON_LITERAL_NULL_CONVERSION = YES;
				CLANG_WARN_OBJC_IMPLICIT_RETAIN_SELF = YES;
				CLANG_WARN_OBJC_LITERAL_CONVERSION = YES;
				CLANG_WARN_OBJC_ROOT_CLASS = YES_ERROR;
				CLANG_WARN_QUOTED_INCLUDE_IN_FRAMEWORK_HEADER = YES;
				CLANG_WARN_RANGE_LOOP_ANALYSIS = YES;
				CLANG_WARN_STRICT_PROTOTYPES = YES;
				CLANG_WARN_SUSPICIOUS_MOVE = YES;
				CLANG_WARN_UNGUARDED_AVAILABILITY = YES_AGGRESSIVE;
				CLANG_WARN_UNREACHABLE_CODE = YES;
				CLANG_WARN__DUPLICATE_METHOD_MATCH = YES;
				COPY_PHASE_STRIP = NO;
				DEBUG_INFORMATION_FORMAT = "dwarf-with-dsym";
				ENABLE_NS_ASSERTIONS = NO;
				ENABLE_STRICT_OBJC_MSGSEND = YES;
				GCC_C_LANGUAGE_STANDARD = gnu11;
				GCC_NO_COMMON_BLOCKS = YES;
				GCC_WARN_64_TO_32_BIT_CONVERSION = YES;
				GCC_WARN_ABOUT_RETURN_TYPE = YES_ERROR;
				GCC_WARN_UNDECLARED_SELECTOR = YES;
				GCC_WARN_UNINITIALIZED_AUTOS = YES_AGGRESSIVE;
				GCC_WARN_UNUSED_FUNCTION = YES;
				GCC_WARN_UNUSED_VARIABLE = YES;
				IPHONEOS_DEPLOYMENT_TARGET = 16.4;
				MTL_ENABLE_DEBUG_INFO = NO;
				MTL_FAST_MATH = YES;
				SDKROOT = iphoneos;
				SWIFT_COMPILATION_MODE = wholemodule;
				SWIFT_OPTIMIZATION_LEVEL = "-O";
				VALIDATE_PRODUCT = YES;
			};
			name = Release;
		};
		98BA3A332A2F962E002E224C /* Debug */ = {
			isa = XCBuildConfiguration;
			buildSettings = {
				ASSETCATALOG_COMPILER_APPICON_NAME = AppIcon;
				ASSETCATALOG_COMPILER_GLOBAL_ACCENT_COLOR_NAME = AccentColor;
				CODE_SIGN_STYLE = Automatic;
				CURRENT_PROJECT_VERSION = 1;
				DEVELOPMENT_ASSET_PATHS = "\"SwiftUI-TODO-LIST/Preview Content\"";
				DEVELOPMENT_TEAM = 36Z46W8X9J;
				ENABLE_PREVIEWS = YES;
				GENERATE_INFOPLIST_FILE = YES;
				INFOPLIST_KEY_UIApplicationSceneManifest_Generation = YES;
				INFOPLIST_KEY_UIApplicationSupportsIndirectInputEvents = YES;
				INFOPLIST_KEY_UILaunchScreen_Generation = YES;
				INFOPLIST_KEY_UISupportedInterfaceOrientations_iPad = "UIInterfaceOrientationPortrait UIInterfaceOrientationPortraitUpsideDown UIInterfaceOrientationLandscapeLeft UIInterfaceOrientationLandscapeRight";
				INFOPLIST_KEY_UISupportedInterfaceOrientations_iPhone = "UIInterfaceOrientationPortrait UIInterfaceOrientationLandscapeLeft UIInterfaceOrientationLandscapeRight";
				LD_RUNPATH_SEARCH_PATHS = (
					"$(inherited)",
					"@executable_path/Frameworks",
				);
				MARKETING_VERSION = 1.0;
				PRODUCT_BUNDLE_IDENTIFIER = "com.ccm.demo.SwiftUI-TODO-LIST";
				PRODUCT_NAME = "$(TARGET_NAME)";
				SWIFT_EMIT_LOC_STRINGS = YES;
				SWIFT_VERSION = 5.0;
				TARGETED_DEVICE_FAMILY = "1,2";
			};
			name = Debug;
		};
		98BA3A342A2F962E002E224C /* Release */ = {
			isa = XCBuildConfiguration;
			buildSettings = {
				ASSETCATALOG_COMPILER_APPICON_NAME = AppIcon;
				ASSETCATALOG_COMPILER_GLOBAL_ACCENT_COLOR_NAME = AccentColor;
				CODE_SIGN_STYLE = Automatic;
				CURRENT_PROJECT_VERSION = 1;
				DEVELOPMENT_ASSET_PATHS = "\"SwiftUI-TODO-LIST/Preview Content\"";
				DEVELOPMENT_TEAM = 36Z46W8X9J;
				ENABLE_PREVIEWS = YES;
				GENERATE_INFOPLIST_FILE = YES;
				INFOPLIST_KEY_UIApplicationSceneManifest_Generation = YES;
				INFOPLIST_KEY_UIApplicationSupportsIndirectInputEvents = YES;
				INFOPLIST_KEY_UILaunchScreen_Generation = YES;
				INFOPLIST_KEY_UISupportedInterfaceOrientations_iPad = "UIInterfaceOrientationPortrait UIInterfaceOrientationPortraitUpsideDown UIInterfaceOrientationLandscapeLeft UIInterfaceOrientationLandscapeRight";
				INFOPLIST_KEY_UISupportedInterfaceOrientations_iPhone = "UIInterfaceOrientationPortrait UIInterfaceOrientationLandscapeLeft UIInterfaceOrientationLandscapeRight";
				LD_RUNPATH_SEARCH_PATHS = (
					"$(inherited)",
					"@executable_path/Frameworks",
				);
				MARKETING_VERSION = 1.0;
				PRODUCT_BUNDLE_IDENTIFIER = "com.ccm.demo.SwiftUI-TODO-LIST";
				PRODUCT_NAME = "$(TARGET_NAME)";
				SWIFT_EMIT_LOC_STRINGS = YES;
				SWIFT_VERSION = 5.0;
				TARGETED_DEVICE_FAMILY = "1,2";
			};
			name = Release;
		};
		98BA3A362A2F962E002E224C /* Debug */ = {
			isa = XCBuildConfiguration;
			buildSettings = {
				ALWAYS_EMBED_SWIFT_STANDARD_LIBRARIES = YES;
				BUNDLE_LOADER = "$(TEST_HOST)";
				CODE_SIGN_STYLE = Automatic;
				CURRENT_PROJECT_VERSION = 1;
				DEVELOPMENT_TEAM = 36Z46W8X9J;
				GENERATE_INFOPLIST_FILE = YES;
				IPHONEOS_DEPLOYMENT_TARGET = 16.4;
				MARKETING_VERSION = 1.0;
				PRODUCT_BUNDLE_IDENTIFIER = "com.ccm.demo.SwiftUI-TODO-LISTTests";
				PRODUCT_NAME = "$(TARGET_NAME)";
				SWIFT_EMIT_LOC_STRINGS = NO;
				SWIFT_VERSION = 5.0;
				TARGETED_DEVICE_FAMILY = "1,2";
				TEST_HOST = "$(BUILT_PRODUCTS_DIR)/SwiftUI-TODO-LIST.app/$(BUNDLE_EXECUTABLE_FOLDER_PATH)/SwiftUI-TODO-LIST";
			};
			name = Debug;
		};
		98BA3A372A2F962E002E224C /* Release */ = {
			isa = XCBuildConfiguration;
			buildSettings = {
				ALWAYS_EMBED_SWIFT_STANDARD_LIBRARIES = YES;
				BUNDLE_LOADER = "$(TEST_HOST)";
				CODE_SIGN_STYLE = Automatic;
				CURRENT_PROJECT_VERSION = 1;
				DEVELOPMENT_TEAM = 36Z46W8X9J;
				GENERATE_INFOPLIST_FILE = YES;
				IPHONEOS_DEPLOYMENT_TARGET = 16.4;
				MARKETING_VERSION = 1.0;
				PRODUCT_BUNDLE_IDENTIFIER = "com.ccm.demo.SwiftUI-TODO-LISTTests";
				PRODUCT_NAME = "$(TARGET_NAME)";
				SWIFT_EMIT_LOC_STRINGS = NO;
				SWIFT_VERSION = 5.0;
				TARGETED_DEVICE_FAMILY = "1,2";
				TEST_HOST = "$(BUILT_PRODUCTS_DIR)/SwiftUI-TODO-LIST.app/$(BUNDLE_EXECUTABLE_FOLDER_PATH)/SwiftUI-TODO-LIST";
			};
			name = Release;
		};
		98BA3A392A2F962E002E224C /* Debug */ = {
			isa = XCBuildConfiguration;
			buildSettings = {
				ALWAYS_EMBED_SWIFT_STANDARD_LIBRARIES = YES;
				CODE_SIGN_STYLE = Automatic;
				CURRENT_PROJECT_VERSION = 1;
				DEVELOPMENT_TEAM = 36Z46W8X9J;
				GENERATE_INFOPLIST_FILE = YES;
				MARKETING_VERSION = 1.0;
				PRODUCT_BUNDLE_IDENTIFIER = "com.ccm.demo.SwiftUI-TODO-LISTUITests";
				PRODUCT_NAME = "$(TARGET_NAME)";
				SWIFT_EMIT_LOC_STRINGS = NO;
				SWIFT_VERSION = 5.0;
				TARGETED_DEVICE_FAMILY = "1,2";
				TEST_TARGET_NAME = "SwiftUI-TODO-LIST";
			};
			name = Debug;
		};
		98BA3A3A2A2F962E002E224C /* Release */ = {
			isa = XCBuildConfiguration;
			buildSettings = {
				ALWAYS_EMBED_SWIFT_STANDARD_LIBRARIES = YES;
				CODE_SIGN_STYLE = Automatic;
				CURRENT_PROJECT_VERSION = 1;
				DEVELOPMENT_TEAM = 36Z46W8X9J;
				GENERATE_INFOPLIST_FILE = YES;
				MARKETING_VERSION = 1.0;
				PRODUCT_BUNDLE_IDENTIFIER = "com.ccm.demo.SwiftUI-TODO-LISTUITests";
				PRODUCT_NAME = "$(TARGET_NAME)";
				SWIFT_EMIT_LOC_STRINGS = NO;
				SWIFT_VERSION = 5.0;
				TARGETED_DEVICE_FAMILY = "1,2";
				TEST_TARGET_NAME = "SwiftUI-TODO-LIST";
			};
			name = Release;
		};
/* End XCBuildConfiguration section */

/* Begin XCConfigurationList section */
		98BA3A092A2F962C002E224C /* Build configuration list for PBXProject "SwiftUI-TODO-LIST" */ = {
			isa = XCConfigurationList;
			buildConfigurations = (
				98BA3A302A2F962E002E224C /* Debug */,
				98BA3A312A2F962E002E224C /* Release */,
			);
			defaultConfigurationIsVisible = 0;
			defaultConfigurationName = Release;
		};
		98BA3A322A2F962E002E224C /* Build configuration list for PBXNativeTarget "SwiftUI-TODO-LIST" */ = {
			isa = XCConfigurationList;
			buildConfigurations = (
				98BA3A332A2F962E002E224C /* Debug */,
				98BA3A342A2F962E002E224C /* Release */,
			);
			defaultConfigurationIsVisible = 0;
			defaultConfigurationName = Release;
		};
		98BA3A352A2F962E002E224C /* Build configuration list for PBXNativeTarget "SwiftUI-TODO-LISTTests" */ = {
			isa = XCConfigurationList;
			buildConfigurations = (
				98BA3A362A2F962E002E224C /* Debug */,
				98BA3A372A2F962E002E224C /* Release */,
			);
			defaultConfigurationIsVisible = 0;
			defaultConfigurationName = Release;
		};
		98BA3A382A2F962E002E224C /* Build configuration list for PBXNativeTarget "SwiftUI-TODO-LISTUITests" */ = {
			isa = XCConfigurationList;
			buildConfigurations = (
				98BA3A392A2F962E002E224C /* Debug */,
				98BA3A3A2A2F962E002E224C /* Release */,
			);
			defaultConfigurationIsVisible = 0;
			defaultConfigurationName = Release;
		};
/* End XCConfigurationList section */

/* Begin XCRemoteSwiftPackageReference section */
		98BA3A3B2A2F9700002E224C /* XCRemoteSwiftPackageReference "firebase-ios-sdk" */ = {
			isa = XCRemoteSwiftPackageReference;
			repositoryURL = "https://github.com/firebase/firebase-ios-sdk";
			requirement = {
				kind = upToNextMajorVersion;
				minimumVersion = 10.0.0;
			};
		};
/* End XCRemoteSwiftPackageReference section */

/* Begin XCSwiftPackageProductDependency section */
		98BA3A3C2A2F9700002E224C /* FirebaseAnalytics */ = {
			isa = XCSwiftPackageProductDependency;
			package = 98BA3A3B2A2F9700002E224C /* XCRemoteSwiftPackageReference "firebase-ios-sdk" */;
			productName = FirebaseAnalytics;
		};
		98BA3A3E2A2F9700002E224C /* FirebaseAuth */ = {
			isa = XCSwiftPackageProductDependency;
			package = 98BA3A3B2A2F9700002E224C /* XCRemoteSwiftPackageReference "firebase-ios-sdk" */;
			productName = FirebaseAuth;
		};
		98BA3A402A2F9700002E224C /* FirebaseFirestore */ = {
			isa = XCSwiftPackageProductDependency;
			package = 98BA3A3B2A2F9700002E224C /* XCRemoteSwiftPackageReference "firebase-ios-sdk" */;
			productName = FirebaseFirestore;
		};
/* End XCSwiftPackageProductDependency section */
	};
	rootObject = 98BA3A062A2F962C002E224C /* Project object */;
}
