// !$*UTF8*$!
{
	archiveVersion = 1;
	classes = {
	};
	objectVersion = 56;
	objects = {

/* Begin PBXBuildFile section */
		98D873992A295729000EC52B /* AppDelegate.swift in Sources */ = {isa = PBXBuildFile; fileRef = 98D873982A295729000EC52B /* AppDelegate.swift */; };
		98D8739B2A295729000EC52B /* SceneDelegate.swift in Sources */ = {isa = PBXBuildFile; fileRef = 98D8739A2A295729000EC52B /* SceneDelegate.swift */; };
		98D8739D2A295729000EC52B /* ViewController.swift in Sources */ = {isa = PBXBuildFile; fileRef = 98D8739C2A295729000EC52B /* ViewController.swift */; };
		98D873A02A295729000EC52B /* Main.storyboard in Resources */ = {isa = PBXBuildFile; fileRef = 98D8739E2A295729000EC52B /* Main.storyboard */; };
		98D873A22A29572C000EC52B /* Assets.xcassets in Resources */ = {isa = PBXBuildFile; fileRef = 98D873A12A29572C000EC52B /* Assets.xcassets */; };
		98D873A52A29572C000EC52B /* LaunchScreen.storyboard in Resources */ = {isa = PBXBuildFile; fileRef = 98D873A32A29572C000EC52B /* LaunchScreen.storyboard */; };
		98D873B02A29572C000EC52B /* TODO_LISTTests.swift in Sources */ = {isa = PBXBuildFile; fileRef = 98D873AF2A29572C000EC52B /* TODO_LISTTests.swift */; };
		98D873BA2A29572C000EC52B /* TODO_LISTUITests.swift in Sources */ = {isa = PBXBuildFile; fileRef = 98D873B92A29572C000EC52B /* TODO_LISTUITests.swift */; };
		98D873BC2A29572C000EC52B /* TODO_LISTUITestsLaunchTests.swift in Sources */ = {isa = PBXBuildFile; fileRef = 98D873BB2A29572C000EC52B /* TODO_LISTUITestsLaunchTests.swift */; };
		98D873CC2A295FC0000EC52B /* FirebaseAnalytics in Frameworks */ = {isa = PBXBuildFile; productRef = 98D873CB2A295FC0000EC52B /* FirebaseAnalytics */; };
		98D873CE2A295FC0000EC52B /* FirebaseAuth in Frameworks */ = {isa = PBXBuildFile; productRef = 98D873CD2A295FC0000EC52B /* FirebaseAuth */; };
		98D873D02A295FC0000EC52B /* FirebaseFirestore in Frameworks */ = {isa = PBXBuildFile; productRef = 98D873CF2A295FC0000EC52B /* FirebaseFirestore */; };
		98D873D22A29611B000EC52B /* GoogleService-Info.plist in Resources */ = {isa = PBXBuildFile; fileRef = 98D873D12A29611B000EC52B /* GoogleService-Info.plist */; };
		98D873D42A29631B000EC52B /* SigninViewModel.swift in Sources */ = {isa = PBXBuildFile; fileRef = 98D873D32A29631B000EC52B /* SigninViewModel.swift */; };
/* End PBXBuildFile section */

/* Begin PBXContainerItemProxy section */
		98D873AC2A29572C000EC52B /* PBXContainerItemProxy */ = {
			isa = PBXContainerItemProxy;
			containerPortal = 98D8738D2A295729000EC52B /* Project object */;
			proxyType = 1;
			remoteGlobalIDString = 98D873942A295729000EC52B;
			remoteInfo = "TODO-LIST";
		};
		98D873B62A29572C000EC52B /* PBXContainerItemProxy */ = {
			isa = PBXContainerItemProxy;
			containerPortal = 98D8738D2A295729000EC52B /* Project object */;
			proxyType = 1;
			remoteGlobalIDString = 98D873942A295729000EC52B;
			remoteInfo = "TODO-LIST";
		};
/* End PBXContainerItemProxy section */

/* Begin PBXFileReference section */
		98D873952A295729000EC52B /* TODO-LIST.app */ = {isa = PBXFileReference; explicitFileType = wrapper.application; includeInIndex = 0; path = "TODO-LIST.app"; sourceTree = BUILT_PRODUCTS_DIR; };
		98D873982A295729000EC52B /* AppDelegate.swift */ = {isa = PBXFileReference; lastKnownFileType = sourcecode.swift; path = AppDelegate.swift; sourceTree = "<group>"; };
		98D8739A2A295729000EC52B /* SceneDelegate.swift */ = {isa = PBXFileReference; lastKnownFileType = sourcecode.swift; path = SceneDelegate.swift; sourceTree = "<group>"; };
		98D8739C2A295729000EC52B /* ViewController.swift */ = {isa = PBXFileReference; lastKnownFileType = sourcecode.swift; path = ViewController.swift; sourceTree = "<group>"; };
		98D8739F2A295729000EC52B /* Base */ = {isa = PBXFileReference; lastKnownFileType = file.storyboard; name = Base; path = Base.lproj/Main.storyboard; sourceTree = "<group>"; };
		98D873A12A29572C000EC52B /* Assets.xcassets */ = {isa = PBXFileReference; lastKnownFileType = folder.assetcatalog; path = Assets.xcassets; sourceTree = "<group>"; };
		98D873A42A29572C000EC52B /* Base */ = {isa = PBXFileReference; lastKnownFileType = file.storyboard; name = Base; path = Base.lproj/LaunchScreen.storyboard; sourceTree = "<group>"; };
		98D873A62A29572C000EC52B /* Info.plist */ = {isa = PBXFileReference; lastKnownFileType = text.plist.xml; path = Info.plist; sourceTree = "<group>"; };
		98D873AB2A29572C000EC52B /* TODO-LISTTests.xctest */ = {isa = PBXFileReference; explicitFileType = wrapper.cfbundle; includeInIndex = 0; path = "TODO-LISTTests.xctest"; sourceTree = BUILT_PRODUCTS_DIR; };
		98D873AF2A29572C000EC52B /* TODO_LISTTests.swift */ = {isa = PBXFileReference; lastKnownFileType = sourcecode.swift; path = TODO_LISTTests.swift; sourceTree = "<group>"; };
		98D873B52A29572C000EC52B /* TODO-LISTUITests.xctest */ = {isa = PBXFileReference; explicitFileType = wrapper.cfbundle; includeInIndex = 0; path = "TODO-LISTUITests.xctest"; sourceTree = BUILT_PRODUCTS_DIR; };
		98D873B92A29572C000EC52B /* TODO_LISTUITests.swift */ = {isa = PBXFileReference; lastKnownFileType = sourcecode.swift; path = TODO_LISTUITests.swift; sourceTree = "<group>"; };
		98D873BB2A29572C000EC52B /* TODO_LISTUITestsLaunchTests.swift */ = {isa = PBXFileReference; lastKnownFileType = sourcecode.swift; path = TODO_LISTUITestsLaunchTests.swift; sourceTree = "<group>"; };
		98D873D12A29611B000EC52B /* GoogleService-Info.plist */ = {isa = PBXFileReference; fileEncoding = 4; lastKnownFileType = text.plist.xml; name = "GoogleService-Info.plist"; path = "../../GoogleService-Info.plist"; sourceTree = "<group>"; };
		98D873D32A29631B000EC52B /* SigninViewModel.swift */ = {isa = PBXFileReference; lastKnownFileType = sourcecode.swift; path = SigninViewModel.swift; sourceTree = "<group>"; };
/* End PBXFileReference section */

/* Begin PBXFrameworksBuildPhase section */
		98D873922A295729000EC52B /* Frameworks */ = {
			isa = PBXFrameworksBuildPhase;
			buildActionMask = 2147483647;
			files = (
				98D873CC2A295FC0000EC52B /* FirebaseAnalytics in Frameworks */,
				98D873CE2A295FC0000EC52B /* FirebaseAuth in Frameworks */,
				98D873D02A295FC0000EC52B /* FirebaseFirestore in Frameworks */,
			);
			runOnlyForDeploymentPostprocessing = 0;
		};
		98D873A82A29572C000EC52B /* Frameworks */ = {
			isa = PBXFrameworksBuildPhase;
			buildActionMask = 2147483647;
			files = (
			);
			runOnlyForDeploymentPostprocessing = 0;
		};
		98D873B22A29572C000EC52B /* Frameworks */ = {
			isa = PBXFrameworksBuildPhase;
			buildActionMask = 2147483647;
			files = (
			);
			runOnlyForDeploymentPostprocessing = 0;
		};
/* End PBXFrameworksBuildPhase section */

/* Begin PBXGroup section */
		98D8738C2A295729000EC52B = {
			isa = PBXGroup;
			children = (
				98D873972A295729000EC52B /* TODO-LIST */,
				98D873AE2A29572C000EC52B /* TODO-LISTTests */,
				98D873B82A29572C000EC52B /* TODO-LISTUITests */,
				98D873962A295729000EC52B /* Products */,
			);
			sourceTree = "<group>";
		};
		98D873962A295729000EC52B /* Products */ = {
			isa = PBXGroup;
			children = (
				98D873952A295729000EC52B /* TODO-LIST.app */,
				98D873AB2A29572C000EC52B /* TODO-LISTTests.xctest */,
				98D873B52A29572C000EC52B /* TODO-LISTUITests.xctest */,
			);
			name = Products;
			sourceTree = "<group>";
		};
		98D873972A295729000EC52B /* TODO-LIST */ = {
			isa = PBXGroup;
			children = (
				98D873982A295729000EC52B /* AppDelegate.swift */,
				98D8739A2A295729000EC52B /* SceneDelegate.swift */,
				98D8739C2A295729000EC52B /* ViewController.swift */,
				98D873D32A29631B000EC52B /* SigninViewModel.swift */,
				98D8739E2A295729000EC52B /* Main.storyboard */,
				98D873A12A29572C000EC52B /* Assets.xcassets */,
				98D873A32A29572C000EC52B /* LaunchScreen.storyboard */,
				98D873A62A29572C000EC52B /* Info.plist */,
				98D873D12A29611B000EC52B /* GoogleService-Info.plist */,
			);
			path = "TODO-LIST";
			sourceTree = "<group>";
		};
		98D873AE2A29572C000EC52B /* TODO-LISTTests */ = {
			isa = PBXGroup;
			children = (
				98D873AF2A29572C000EC52B /* TODO_LISTTests.swift */,
			);
			path = "TODO-LISTTests";
			sourceTree = "<group>";
		};
		98D873B82A29572C000EC52B /* TODO-LISTUITests */ = {
			isa = PBXGroup;
			children = (
				98D873B92A29572C000EC52B /* TODO_LISTUITests.swift */,
				98D873BB2A29572C000EC52B /* TODO_LISTUITestsLaunchTests.swift */,
			);
			path = "TODO-LISTUITests";
			sourceTree = "<group>";
		};
/* End PBXGroup section */

/* Begin PBXNativeTarget section */
		98D873942A295729000EC52B /* TODO-LIST */ = {
			isa = PBXNativeTarget;
			buildConfigurationList = 98D873BF2A29572C000EC52B /* Build configuration list for PBXNativeTarget "TODO-LIST" */;
			buildPhases = (
				98D873912A295729000EC52B /* Sources */,
				98D873922A295729000EC52B /* Frameworks */,
				98D873932A295729000EC52B /* Resources */,
			);
			buildRules = (
			);
			dependencies = (
			);
			name = "TODO-LIST";
			packageProductDependencies = (
				98D873CB2A295FC0000EC52B /* FirebaseAnalytics */,
				98D873CD2A295FC0000EC52B /* FirebaseAuth */,
				98D873CF2A295FC0000EC52B /* FirebaseFirestore */,
			);
			productName = "TODO-LIST";
			productReference = 98D873952A295729000EC52B /* TODO-LIST.app */;
			productType = "com.apple.product-type.application";
		};
		98D873AA2A29572C000EC52B /* TODO-LISTTests */ = {
			isa = PBXNativeTarget;
			buildConfigurationList = 98D873C22A29572C000EC52B /* Build configuration list for PBXNativeTarget "TODO-LISTTests" */;
			buildPhases = (
				98D873A72A29572C000EC52B /* Sources */,
				98D873A82A29572C000EC52B /* Frameworks */,
				98D873A92A29572C000EC52B /* Resources */,
			);
			buildRules = (
			);
			dependencies = (
				98D873AD2A29572C000EC52B /* PBXTargetDependency */,
			);
			name = "TODO-LISTTests";
			productName = "TODO-LISTTests";
			productReference = 98D873AB2A29572C000EC52B /* TODO-LISTTests.xctest */;
			productType = "com.apple.product-type.bundle.unit-test";
		};
		98D873B42A29572C000EC52B /* TODO-LISTUITests */ = {
			isa = PBXNativeTarget;
			buildConfigurationList = 98D873C52A29572C000EC52B /* Build configuration list for PBXNativeTarget "TODO-LISTUITests" */;
			buildPhases = (
				98D873B12A29572C000EC52B /* Sources */,
				98D873B22A29572C000EC52B /* Frameworks */,
				98D873B32A29572C000EC52B /* Resources */,
			);
			buildRules = (
			);
			dependencies = (
				98D873B72A29572C000EC52B /* PBXTargetDependency */,
			);
			name = "TODO-LISTUITests";
			productName = "TODO-LISTUITests";
			productReference = 98D873B52A29572C000EC52B /* TODO-LISTUITests.xctest */;
			productType = "com.apple.product-type.bundle.ui-testing";
		};
/* End PBXNativeTarget section */

/* Begin PBXProject section */
		98D8738D2A295729000EC52B /* Project object */ = {
			isa = PBXProject;
			attributes = {
				BuildIndependentTargetsInParallel = 1;
				LastSwiftUpdateCheck = 1430;
				LastUpgradeCheck = 1430;
				TargetAttributes = {
					98D873942A295729000EC52B = {
						CreatedOnToolsVersion = 14.3;
					};
					98D873AA2A29572C000EC52B = {
						CreatedOnToolsVersion = 14.3;
						TestTargetID = 98D873942A295729000EC52B;
					};
					98D873B42A29572C000EC52B = {
						CreatedOnToolsVersion = 14.3;
						TestTargetID = 98D873942A295729000EC52B;
					};
				};
			};
			buildConfigurationList = 98D873902A295729000EC52B /* Build configuration list for PBXProject "TODO-LIST" */;
			compatibilityVersion = "Xcode 14.0";
			developmentRegion = en;
			hasScannedForEncodings = 0;
			knownRegions = (
				en,
				Base,
			);
			mainGroup = 98D8738C2A295729000EC52B;
			packageReferences = (
				98D873CA2A295FC0000EC52B /* XCRemoteSwiftPackageReference "firebase-ios-sdk" */,
			);
			productRefGroup = 98D873962A295729000EC52B /* Products */;
			projectDirPath = "";
			projectRoot = "";
			targets = (
				98D873942A295729000EC52B /* TODO-LIST */,
				98D873AA2A29572C000EC52B /* TODO-LISTTests */,
				98D873B42A29572C000EC52B /* TODO-LISTUITests */,
			);
		};
/* End PBXProject section */

/* Begin PBXResourcesBuildPhase section */
		98D873932A295729000EC52B /* Resources */ = {
			isa = PBXResourcesBuildPhase;
			buildActionMask = 2147483647;
			files = (
				98D873A52A29572C000EC52B /* LaunchScreen.storyboard in Resources */,
				98D873D22A29611B000EC52B /* GoogleService-Info.plist in Resources */,
				98D873A22A29572C000EC52B /* Assets.xcassets in Resources */,
				98D873A02A295729000EC52B /* Main.storyboard in Resources */,
			);
			runOnlyForDeploymentPostprocessing = 0;
		};
		98D873A92A29572C000EC52B /* Resources */ = {
			isa = PBXResourcesBuildPhase;
			buildActionMask = 2147483647;
			files = (
			);
			runOnlyForDeploymentPostprocessing = 0;
		};
		98D873B32A29572C000EC52B /* Resources */ = {
			isa = PBXResourcesBuildPhase;
			buildActionMask = 2147483647;
			files = (
			);
			runOnlyForDeploymentPostprocessing = 0;
		};
/* End PBXResourcesBuildPhase section */

/* Begin PBXSourcesBuildPhase section */
		98D873912A295729000EC52B /* Sources */ = {
			isa = PBXSourcesBuildPhase;
			buildActionMask = 2147483647;
			files = (
				98D873D42A29631B000EC52B /* SigninViewModel.swift in Sources */,
				98D8739D2A295729000EC52B /* ViewController.swift in Sources */,
				98D873992A295729000EC52B /* AppDelegate.swift in Sources */,
				98D8739B2A295729000EC52B /* SceneDelegate.swift in Sources */,
			);
			runOnlyForDeploymentPostprocessing = 0;
		};
		98D873A72A29572C000EC52B /* Sources */ = {
			isa = PBXSourcesBuildPhase;
			buildActionMask = 2147483647;
			files = (
				98D873B02A29572C000EC52B /* TODO_LISTTests.swift in Sources */,
			);
			runOnlyForDeploymentPostprocessing = 0;
		};
		98D873B12A29572C000EC52B /* Sources */ = {
			isa = PBXSourcesBuildPhase;
			buildActionMask = 2147483647;
			files = (
				98D873BC2A29572C000EC52B /* TODO_LISTUITestsLaunchTests.swift in Sources */,
				98D873BA2A29572C000EC52B /* TODO_LISTUITests.swift in Sources */,
			);
			runOnlyForDeploymentPostprocessing = 0;
		};
/* End PBXSourcesBuildPhase section */

/* Begin PBXTargetDependency section */
		98D873AD2A29572C000EC52B /* PBXTargetDependency */ = {
			isa = PBXTargetDependency;
			target = 98D873942A295729000EC52B /* TODO-LIST */;
			targetProxy = 98D873AC2A29572C000EC52B /* PBXContainerItemProxy */;
		};
		98D873B72A29572C000EC52B /* PBXTargetDependency */ = {
			isa = PBXTargetDependency;
			target = 98D873942A295729000EC52B /* TODO-LIST */;
			targetProxy = 98D873B62A29572C000EC52B /* PBXContainerItemProxy */;
		};
/* End PBXTargetDependency section */

/* Begin PBXVariantGroup section */
		98D8739E2A295729000EC52B /* Main.storyboard */ = {
			isa = PBXVariantGroup;
			children = (
				98D8739F2A295729000EC52B /* Base */,
			);
			name = Main.storyboard;
			sourceTree = "<group>";
		};
		98D873A32A29572C000EC52B /* LaunchScreen.storyboard */ = {
			isa = PBXVariantGroup;
			children = (
				98D873A42A29572C000EC52B /* Base */,
			);
			name = LaunchScreen.storyboard;
			sourceTree = "<group>";
		};
/* End PBXVariantGroup section */

/* Begin XCBuildConfiguration section */
		98D873BD2A29572C000EC52B /* Debug */ = {
			isa = XCBuildConfiguration;
			buildSettings = {
				ALWAYS_SEARCH_USER_PATHS = NO;
				CLANG_ANALYZER_NONNULL = YES;
				CLANG_ANALYZER_NUMBER_OBJECT_CONVERSION = YES_AGGRESSIVE;
				CLANG_CXX_LANGUAGE_STANDARD = "gnu++20";
				CLANG_ENABLE_MODULES = YES;
				CLANG_ENABLE_OBJC_ARC = YES;
				CLANG_ENABLE_OBJC_WEAK = YES;
				CLANG_WARN_BLOCK_CAPTURE_AUTORELEASING = YES;
				CLANG_WARN_BOOL_CONVERSION = YES;
				CLANG_WARN_COMMA = YES;
				CLANG_WARN_CONSTANT_CONVERSION = YES;
				CLANG_WARN_DEPRECATED_OBJC_IMPLEMENTATIONS = YES;
				CLANG_WARN_DIRECT_OBJC_ISA_USAGE = YES_ERROR;
				CLANG_WARN_DOCUMENTATION_COMMENTS = YES;
				CLANG_WARN_EMPTY_BODY = YES;
				CLANG_WARN_ENUM_CONVERSION = YES;
				CLANG_WARN_INFINITE_RECURSION = YES;
				CLANG_WARN_INT_CONVERSION = YES;
				CLANG_WARN_NON_LITERAL_NULL_CONVERSION = YES;
				CLANG_WARN_OBJC_IMPLICIT_RETAIN_SELF = YES;
				CLANG_WARN_OBJC_LITERAL_CONVERSION = YES;
				CLANG_WARN_OBJC_ROOT_CLASS = YES_ERROR;
				CLANG_WARN_QUOTED_INCLUDE_IN_FRAMEWORK_HEADER = YES;
				CLANG_WARN_RANGE_LOOP_ANALYSIS = YES;
				CLANG_WARN_STRICT_PROTOTYPES = YES;
				CLANG_WARN_SUSPICIOUS_MOVE = YES;
				CLANG_WARN_UNGUARDED_AVAILABILITY = YES_AGGRESSIVE;
				CLANG_WARN_UNREACHABLE_CODE = YES;
				CLANG_WARN__DUPLICATE_METHOD_MATCH = YES;
				COPY_PHASE_STRIP = NO;
				DEBUG_INFORMATION_FORMAT = dwarf;
				ENABLE_STRICT_OBJC_MSGSEND = YES;
				ENABLE_TESTABILITY = YES;
				GCC_C_LANGUAGE_STANDARD = gnu11;
				GCC_DYNAMIC_NO_PIC = NO;
				GCC_NO_COMMON_BLOCKS = YES;
				GCC_OPTIMIZATION_LEVEL = 0;
				GCC_PREPROCESSOR_DEFINITIONS = (
					"DEBUG=1",
					"$(inherited)",
				);
				GCC_WARN_64_TO_32_BIT_CONVERSION = YES;
				GCC_WARN_ABOUT_RETURN_TYPE = YES_ERROR;
				GCC_WARN_UNDECLARED_SELECTOR = YES;
				GCC_WARN_UNINITIALIZED_AUTOS = YES_AGGRESSIVE;
				GCC_WARN_UNUSED_FUNCTION = YES;
				GCC_WARN_UNUSED_VARIABLE = YES;
				IPHONEOS_DEPLOYMENT_TARGET = 16.4;
				MTL_ENABLE_DEBUG_INFO = INCLUDE_SOURCE;
				MTL_FAST_MATH = YES;
				ONLY_ACTIVE_ARCH = YES;
				SDKROOT = iphoneos;
				SWIFT_ACTIVE_COMPILATION_CONDITIONS = DEBUG;
				SWIFT_OPTIMIZATION_LEVEL = "-Onone";
			};
			name = Debug;
		};
		98D873BE2A29572C000EC52B /* Release */ = {
			isa = XCBuildConfiguration;
			buildSettings = {
				ALWAYS_SEARCH_USER_PATHS = NO;
				CLANG_ANALYZER_NONNULL = YES;
				CLANG_ANALYZER_NUMBER_OBJECT_CONVERSION = YES_AGGRESSIVE;
				CLANG_CXX_LANGUAGE_STANDARD = "gnu++20";
				CLANG_ENABLE_MODULES = YES;
				CLANG_ENABLE_OBJC_ARC = YES;
				CLANG_ENABLE_OBJC_WEAK = YES;
				CLANG_WARN_BLOCK_CAPTURE_AUTORELEASING = YES;
				CLANG_WARN_BOOL_CONVERSION = YES;
				CLANG_WARN_COMMA = YES;
				CLANG_WARN_CONSTANT_CONVERSION = YES;
				CLANG_WARN_DEPRECATED_OBJC_IMPLEMENTATIONS = YES;
				CLANG_WARN_DIRECT_OBJC_ISA_USAGE = YES_ERROR;
				CLANG_WARN_DOCUMENTATION_COMMENTS = YES;
				CLANG_WARN_EMPTY_BODY = YES;
				CLANG_WARN_ENUM_CONVERSION = YES;
				CLANG_WARN_INFINITE_RECURSION = YES;
				CLANG_WARN_INT_CONVERSION = YES;
				CLANG_WARN_NON_LITERAL_NULL_CONVERSION = YES;
				CLANG_WARN_OBJC_IMPLICIT_RETAIN_SELF = YES;
				CLANG_WARN_OBJC_LITERAL_CONVERSION = YES;
				CLANG_WARN_OBJC_ROOT_CLASS = YES_ERROR;
				CLANG_WARN_QUOTED_INCLUDE_IN_FRAMEWORK_HEADER = YES;
				CLANG_WARN_RANGE_LOOP_ANALYSIS = YES;
				CLANG_WARN_STRICT_PROTOTYPES = YES;
				CLANG_WARN_SUSPICIOUS_MOVE = YES;
				CLANG_WARN_UNGUARDED_AVAILABILITY = YES_AGGRESSIVE;
				CLANG_WARN_UNREACHABLE_CODE = YES;
				CLANG_WARN__DUPLICATE_METHOD_MATCH = YES;
				COPY_PHASE_STRIP = NO;
				DEBUG_INFORMATION_FORMAT = "dwarf-with-dsym";
				ENABLE_NS_ASSERTIONS = NO;
				ENABLE_STRICT_OBJC_MSGSEND = YES;
				GCC_C_LANGUAGE_STANDARD = gnu11;
				GCC_NO_COMMON_BLOCKS = YES;
				GCC_WARN_64_TO_32_BIT_CONVERSION = YES;
				GCC_WARN_ABOUT_RETURN_TYPE = YES_ERROR;
				GCC_WARN_UNDECLARED_SELECTOR = YES;
				GCC_WARN_UNINITIALIZED_AUTOS = YES_AGGRESSIVE;
				GCC_WARN_UNUSED_FUNCTION = YES;
				GCC_WARN_UNUSED_VARIABLE = YES;
				IPHONEOS_DEPLOYMENT_TARGET = 16.4;
				MTL_ENABLE_DEBUG_INFO = NO;
				MTL_FAST_MATH = YES;
				SDKROOT = iphoneos;
				SWIFT_COMPILATION_MODE = wholemodule;
				SWIFT_OPTIMIZATION_LEVEL = "-O";
				VALIDATE_PRODUCT = YES;
			};
			name = Release;
		};
		98D873C02A29572C000EC52B /* Debug */ = {
			isa = XCBuildConfiguration;
			buildSettings = {
				ASSETCATALOG_COMPILER_APPICON_NAME = AppIcon;
				ASSETCATALOG_COMPILER_GLOBAL_ACCENT_COLOR_NAME = AccentColor;
				CODE_SIGN_STYLE = Automatic;
				CURRENT_PROJECT_VERSION = 1;
				GENERATE_INFOPLIST_FILE = YES;
				INFOPLIST_FILE = "TODO-LIST/Info.plist";
				INFOPLIST_KEY_UIApplicationSupportsIndirectInputEvents = YES;
				INFOPLIST_KEY_UILaunchStoryboardName = LaunchScreen;
				INFOPLIST_KEY_UIMainStoryboardFile = Main;
				INFOPLIST_KEY_UISupportedInterfaceOrientations_iPad = "UIInterfaceOrientationPortrait UIInterfaceOrientationPortraitUpsideDown UIInterfaceOrientationLandscapeLeft UIInterfaceOrientationLandscapeRight";
				INFOPLIST_KEY_UISupportedInterfaceOrientations_iPhone = "UIInterfaceOrientationPortrait UIInterfaceOrientationLandscapeLeft UIInterfaceOrientationLandscapeRight";
				LD_RUNPATH_SEARCH_PATHS = (
					"$(inherited)",
					"@executable_path/Frameworks",
				);
				MARKETING_VERSION = 1.0;
				PRODUCT_BUNDLE_IDENTIFIER = "com.ccm.demo.TODO-LIST";
				PRODUCT_NAME = "$(TARGET_NAME)";
				SWIFT_EMIT_LOC_STRINGS = YES;
				SWIFT_VERSION = 5.0;
				TARGETED_DEVICE_FAMILY = "1,2";
			};
			name = Debug;
		};
		98D873C12A29572C000EC52B /* Release */ = {
			isa = XCBuildConfiguration;
			buildSettings = {
				ASSETCATALOG_COMPILER_APPICON_NAME = AppIcon;
				ASSETCATALOG_COMPILER_GLOBAL_ACCENT_COLOR_NAME = AccentColor;
				CODE_SIGN_STYLE = Automatic;
				CURRENT_PROJECT_VERSION = 1;
				GENERATE_INFOPLIST_FILE = YES;
				INFOPLIST_FILE = "TODO-LIST/Info.plist";
				INFOPLIST_KEY_UIApplicationSupportsIndirectInputEvents = YES;
				INFOPLIST_KEY_UILaunchStoryboardName = LaunchScreen;
				INFOPLIST_KEY_UIMainStoryboardFile = Main;
				INFOPLIST_KEY_UISupportedInterfaceOrientations_iPad = "UIInterfaceOrientationPortrait UIInterfaceOrientationPortraitUpsideDown UIInterfaceOrientationLandscapeLeft UIInterfaceOrientationLandscapeRight";
				INFOPLIST_KEY_UISupportedInterfaceOrientations_iPhone = "UIInterfaceOrientationPortrait UIInterfaceOrientationLandscapeLeft UIInterfaceOrientationLandscapeRight";
				LD_RUNPATH_SEARCH_PATHS = (
					"$(inherited)",
					"@executable_path/Frameworks",
				);
				MARKETING_VERSION = 1.0;
				PRODUCT_BUNDLE_IDENTIFIER = "com.ccm.demo.TODO-LIST";
				PRODUCT_NAME = "$(TARGET_NAME)";
				SWIFT_EMIT_LOC_STRINGS = YES;
				SWIFT_VERSION = 5.0;
				TARGETED_DEVICE_FAMILY = "1,2";
			};
			name = Release;
		};
		98D873C32A29572C000EC52B /* Debug */ = {
			isa = XCBuildConfiguration;
			buildSettings = {
				ALWAYS_EMBED_SWIFT_STANDARD_LIBRARIES = YES;
				BUNDLE_LOADER = "$(TEST_HOST)";
				CODE_SIGN_STYLE = Automatic;
				CURRENT_PROJECT_VERSION = 1;
				GENERATE_INFOPLIST_FILE = YES;
				IPHONEOS_DEPLOYMENT_TARGET = 16.4;
				MARKETING_VERSION = 1.0;
				PRODUCT_BUNDLE_IDENTIFIER = "com.ccm.demo.TODO-LISTTests";
				PRODUCT_NAME = "$(TARGET_NAME)";
				SWIFT_EMIT_LOC_STRINGS = NO;
				SWIFT_VERSION = 5.0;
				TARGETED_DEVICE_FAMILY = "1,2";
				TEST_HOST = "$(BUILT_PRODUCTS_DIR)/TODO-LIST.app/$(BUNDLE_EXECUTABLE_FOLDER_PATH)/TODO-LIST";
			};
			name = Debug;
		};
		98D873C42A29572C000EC52B /* Release */ = {
			isa = XCBuildConfiguration;
			buildSettings = {
				ALWAYS_EMBED_SWIFT_STANDARD_LIBRARIES = YES;
				BUNDLE_LOADER = "$(TEST_HOST)";
				CODE_SIGN_STYLE = Automatic;
				CURRENT_PROJECT_VERSION = 1;
				GENERATE_INFOPLIST_FILE = YES;
				IPHONEOS_DEPLOYMENT_TARGET = 16.4;
				MARKETING_VERSION = 1.0;
				PRODUCT_BUNDLE_IDENTIFIER = "com.ccm.demo.TODO-LISTTests";
				PRODUCT_NAME = "$(TARGET_NAME)";
				SWIFT_EMIT_LOC_STRINGS = NO;
				SWIFT_VERSION = 5.0;
				TARGETED_DEVICE_FAMILY = "1,2";
				TEST_HOST = "$(BUILT_PRODUCTS_DIR)/TODO-LIST.app/$(BUNDLE_EXECUTABLE_FOLDER_PATH)/TODO-LIST";
			};
			name = Release;
		};
		98D873C62A29572C000EC52B /* Debug */ = {
			isa = XCBuildConfiguration;
			buildSettings = {
				ALWAYS_EMBED_SWIFT_STANDARD_LIBRARIES = YES;
				CODE_SIGN_STYLE = Automatic;
				CURRENT_PROJECT_VERSION = 1;
				GENERATE_INFOPLIST_FILE = YES;
				MARKETING_VERSION = 1.0;
				PRODUCT_BUNDLE_IDENTIFIER = "com.ccm.demo.TODO-LISTUITests";
				PRODUCT_NAME = "$(TARGET_NAME)";
				SWIFT_EMIT_LOC_STRINGS = NO;
				SWIFT_VERSION = 5.0;
				TARGETED_DEVICE_FAMILY = "1,2";
				TEST_TARGET_NAME = "TODO-LIST";
			};
			name = Debug;
		};
		98D873C72A29572C000EC52B /* Release */ = {
			isa = XCBuildConfiguration;
			buildSettings = {
				ALWAYS_EMBED_SWIFT_STANDARD_LIBRARIES = YES;
				CODE_SIGN_STYLE = Automatic;
				CURRENT_PROJECT_VERSION = 1;
				GENERATE_INFOPLIST_FILE = YES;
				MARKETING_VERSION = 1.0;
				PRODUCT_BUNDLE_IDENTIFIER = "com.ccm.demo.TODO-LISTUITests";
				PRODUCT_NAME = "$(TARGET_NAME)";
				SWIFT_EMIT_LOC_STRINGS = NO;
				SWIFT_VERSION = 5.0;
				TARGETED_DEVICE_FAMILY = "1,2";
				TEST_TARGET_NAME = "TODO-LIST";
			};
			name = Release;
		};
/* End XCBuildConfiguration section */

/* Begin XCConfigurationList section */
		98D873902A295729000EC52B /* Build configuration list for PBXProject "TODO-LIST" */ = {
			isa = XCConfigurationList;
			buildConfigurations = (
				98D873BD2A29572C000EC52B /* Debug */,
				98D873BE2A29572C000EC52B /* Release */,
			);
			defaultConfigurationIsVisible = 0;
			defaultConfigurationName = Release;
		};
		98D873BF2A29572C000EC52B /* Build configuration list for PBXNativeTarget "TODO-LIST" */ = {
			isa = XCConfigurationList;
			buildConfigurations = (
				98D873C02A29572C000EC52B /* Debug */,
				98D873C12A29572C000EC52B /* Release */,
			);
			defaultConfigurationIsVisible = 0;
			defaultConfigurationName = Release;
		};
		98D873C22A29572C000EC52B /* Build configuration list for PBXNativeTarget "TODO-LISTTests" */ = {
			isa = XCConfigurationList;
			buildConfigurations = (
				98D873C32A29572C000EC52B /* Debug */,
				98D873C42A29572C000EC52B /* Release */,
			);
			defaultConfigurationIsVisible = 0;
			defaultConfigurationName = Release;
		};
		98D873C52A29572C000EC52B /* Build configuration list for PBXNativeTarget "TODO-LISTUITests" */ = {
			isa = XCConfigurationList;
			buildConfigurations = (
				98D873C62A29572C000EC52B /* Debug */,
				98D873C72A29572C000EC52B /* Release */,
			);
			defaultConfigurationIsVisible = 0;
			defaultConfigurationName = Release;
		};
/* End XCConfigurationList section */

/* Begin XCRemoteSwiftPackageReference section */
		98D873CA2A295FC0000EC52B /* XCRemoteSwiftPackageReference "firebase-ios-sdk" */ = {
			isa = XCRemoteSwiftPackageReference;
			repositoryURL = "https://github.com/firebase/firebase-ios-sdk";
			requirement = {
				kind = upToNextMajorVersion;
				minimumVersion = 10.0.0;
			};
		};
/* End XCRemoteSwiftPackageReference section */

/* Begin XCSwiftPackageProductDependency section */
		98D873CB2A295FC0000EC52B /* FirebaseAnalytics */ = {
			isa = XCSwiftPackageProductDependency;
			package = 98D873CA2A295FC0000EC52B /* XCRemoteSwiftPackageReference "firebase-ios-sdk" */;
			productName = FirebaseAnalytics;
		};
		98D873CD2A295FC0000EC52B /* FirebaseAuth */ = {
			isa = XCSwiftPackageProductDependency;
			package = 98D873CA2A295FC0000EC52B /* XCRemoteSwiftPackageReference "firebase-ios-sdk" */;
			productName = FirebaseAuth;
		};
		98D873CF2A295FC0000EC52B /* FirebaseFirestore */ = {
			isa = XCSwiftPackageProductDependency;
			package = 98D873CA2A295FC0000EC52B /* XCRemoteSwiftPackageReference "firebase-ios-sdk" */;
			productName = FirebaseFirestore;
		};
/* End XCSwiftPackageProductDependency section */
	};
	rootObject = 98D8738D2A295729000EC52B /* Project object */;
}
